
Microsoft Visual Studio Solution File, Format Version 12.00
# Visual Studio 14
VisualStudioVersion = 14.0.22823.1
MinimumVisualStudioVersion = 10.0.40219.1
Project("{FAE04EC0-301F-11D3-BF4B-00C04F79EFBC}") = "Challenge", "Challenge\Challenge.csproj", "{2EA7D033-FCFC-488E-B8E0-6FD6C4626218}"
EndProject
Global
	GlobalSection(SolutionConfigurationPlatforms) = preSolution
		Debug|Any CPU = Debug|Any CPU
		Release|Any CPU = Release|Any CPU
	EndGlobalSection
	GlobalSection(ProjectConfigurationPlatforms) = postSolution
		{2EA7D033-FCFC-488E-B8E0-6FD6C4626218}.Debug|Any CPU.ActiveCfg = Debug|Any CPU
		{2EA7D033-FCFC-488E-B8E0-6FD6C4626218}.Debug|Any CPU.Build.0 = Debug|Any CPU
		{2EA7D033-FCFC-488E-B8E0-6FD6C4626218}.Release|Any CPU.ActiveCfg = Release|Any CPU
		{2EA7D033-FCFC-488E-B8E0-6FD6C4626218}.Release|Any CPU.Build.0 = Release|Any CPU
	EndGlobalSection
	GlobalSection(SolutionProperties) = preSolution
		HideSolutionNode = FALSE
	EndGlobalSection
EndGlobal
